
Microsoft Visual Studio Solution File, Format Version 11.00
# Visual Studio 2010
Project("{FAE04EC0-301F-11D3-BF4B-00C04F79EFBC}") = "eToolsSystem", "eToolsSystem\eToolsSystem.csproj", "{20A79153-A270-4CEF-A79F-B115338A0E00}"
EndProject
Project("{E24C65DC-7377-472B-9ABA-BC803B73C61A}") = "eToolsWeb", "eToolsWeb\", "{39BB5234-3E0E-428C-94E4-ADD73ADAEDC0}"
	ProjectSection(WebsiteProperties) = preProject
		TargetFrameworkMoniker = ".NETFramework,Version%3Dv4.0"
		ProjectReferences = "{951FBE1B-93AA-4430-9A9A-F0DB3FF69A4B}|CartEntities.dll;{20A79153-A270-4CEF-A79F-B115338A0E00}|eToolsSystem.dll;"
		Debug.AspNetCompiler.VirtualPath = "/eToolsWeb"
		Debug.AspNetCompiler.PhysicalPath = "eToolsWeb\"
		Debug.AspNetCompiler.TargetPath = "PrecompiledWeb\eToolsWeb\"
		Debug.AspNetCompiler.Updateable = "true"
		Debug.AspNetCompiler.ForceOverwrite = "true"
		Debug.AspNetCompiler.FixedNames = "false"
		Debug.AspNetCompiler.Debug = "True"
		Release.AspNetCompiler.VirtualPath = "/eToolsWeb"
		Release.AspNetCompiler.PhysicalPath = "eToolsWeb\"
		Release.AspNetCompiler.TargetPath = "PrecompiledWeb\eToolsWeb\"
		Release.AspNetCompiler.Updateable = "true"
		Release.AspNetCompiler.ForceOverwrite = "true"
		Release.AspNetCompiler.FixedNames = "false"
		Release.AspNetCompiler.Debug = "False"
		VWDPort = "56110"
		DefaultWebSiteLanguage = "Visual C#"
	EndProjectSection
EndProject
Project("{2150E333-8FDC-42A3-9474-1A3956D46DE8}") = "Database Scripts", "Database Scripts", "{FA285F9F-DD74-4516-8750-D0C4CC41C23F}"
	ProjectSection(SolutionItems) = preProject
		Database Scripts\eToolsSalesProcs_MarkKraushar.sql = Database Scripts\eToolsSalesProcs_MarkKraushar.sql
	EndProjectSection
EndProject
Project("{FAE04EC0-301F-11D3-BF4B-00C04F79EFBC}") = "CartEntities", "CartEntities\CartEntities.csproj", "{951FBE1B-93AA-4430-9A9A-F0DB3FF69A4B}"
EndProject
Global
	GlobalSection(SolutionConfigurationPlatforms) = preSolution
		Debug|Any CPU = Debug|Any CPU
		Release|Any CPU = Release|Any CPU
	EndGlobalSection
	GlobalSection(ProjectConfigurationPlatforms) = postSolution
		{20A79153-A270-4CEF-A79F-B115338A0E00}.Debug|Any CPU.ActiveCfg = Debug|Any CPU
		{20A79153-A270-4CEF-A79F-B115338A0E00}.Debug|Any CPU.Build.0 = Debug|Any CPU
		{20A79153-A270-4CEF-A79F-B115338A0E00}.Release|Any CPU.ActiveCfg = Release|Any CPU
		{20A79153-A270-4CEF-A79F-B115338A0E00}.Release|Any CPU.Build.0 = Release|Any CPU
		{39BB5234-3E0E-428C-94E4-ADD73ADAEDC0}.Debug|Any CPU.ActiveCfg = Debug|Any CPU
		{39BB5234-3E0E-428C-94E4-ADD73ADAEDC0}.Debug|Any CPU.Build.0 = Debug|Any CPU
		{39BB5234-3E0E-428C-94E4-ADD73ADAEDC0}.Release|Any CPU.ActiveCfg = Debug|Any CPU
		{39BB5234-3E0E-428C-94E4-ADD73ADAEDC0}.Release|Any CPU.Build.0 = Debug|Any CPU
		{951FBE1B-93AA-4430-9A9A-F0DB3FF69A4B}.Debug|Any CPU.ActiveCfg = Debug|Any CPU
		{951FBE1B-93AA-4430-9A9A-F0DB3FF69A4B}.Debug|Any CPU.Build.0 = Debug|Any CPU
		{951FBE1B-93AA-4430-9A9A-F0DB3FF69A4B}.Release|Any CPU.ActiveCfg = Release|Any CPU
		{951FBE1B-93AA-4430-9A9A-F0DB3FF69A4B}.Release|Any CPU.Build.0 = Release|Any CPU
	EndGlobalSection
	GlobalSection(SolutionProperties) = preSolution
		HideSolutionNode = FALSE
	EndGlobalSection
EndGlobal
